// !$*UTF8*$!
{
	archiveVersion = 1;
	classes = {
	};
	objectVersion = 51;
	objects = {

/* Begin PBXBuildFile section */
		2C32106D042899F25A03EC2E /* Pods_Text_TraderTests.framework in Frameworks */ = {isa = PBXBuildFile; fileRef = 7089BAE1F6761E22752F4C79 /* Pods_Text_TraderTests.framework */; };
		3F8A68E62458B04C00119DBB /* AppDelegate.swift in Sources */ = {isa = PBXBuildFile; fileRef = 3F8A68E52458B04C00119DBB /* AppDelegate.swift */; };
		3F8A68E82458B04C00119DBB /* SceneDelegate.swift in Sources */ = {isa = PBXBuildFile; fileRef = 3F8A68E72458B04C00119DBB /* SceneDelegate.swift */; };
		3F8A68EA2458B04C00119DBB /* ContentView.swift in Sources */ = {isa = PBXBuildFile; fileRef = 3F8A68E92458B04C00119DBB /* ContentView.swift */; };
		3F8A68EC2458B04C00119DBB /* Assets.xcassets in Resources */ = {isa = PBXBuildFile; fileRef = 3F8A68EB2458B04C00119DBB /* Assets.xcassets */; };
		3F8A68EF2458B04C00119DBB /* Preview Assets.xcassets in Resources */ = {isa = PBXBuildFile; fileRef = 3F8A68EE2458B04C00119DBB /* Preview Assets.xcassets */; };
		3F8A68F22458B04C00119DBB /* LaunchScreen.storyboard in Resources */ = {isa = PBXBuildFile; fileRef = 3F8A68F02458B04C00119DBB /* LaunchScreen.storyboard */; };
		3F8A68FD2458B04C00119DBB /* Text_TraderTests.swift in Sources */ = {isa = PBXBuildFile; fileRef = 3F8A68FC2458B04C00119DBB /* Text_TraderTests.swift */; };
		3F8A69082458B04C00119DBB /* Text_TraderUITests.swift in Sources */ = {isa = PBXBuildFile; fileRef = 3F8A69072458B04C00119DBB /* Text_TraderUITests.swift */; };
		640C3E0C36F9700DD3C634C4 /* Pods_Text_Trader_Text_TraderUITests.framework in Frameworks */ = {isa = PBXBuildFile; fileRef = 708BFCC981C3E86ABD0F31B7 /* Pods_Text_Trader_Text_TraderUITests.framework */; };
		74201A9B24D4C465002D2677 /* amplifyconfiguration.json in Resources */ = {isa = PBXBuildFile; fileRef = 74201A9A24D4C465002D2677 /* amplifyconfiguration.json */; };
		74201A9D24D4C46C002D2677 /* awsconfiguration.json in Resources */ = {isa = PBXBuildFile; fileRef = 74201A9C24D4C46C002D2677 /* awsconfiguration.json */; };
		FA97AF477C0346067B47F3CB /* Pods_Text_Trader.framework in Frameworks */ = {isa = PBXBuildFile; fileRef = 98C893BFBBD57B0976C9E39D /* Pods_Text_Trader.framework */; };
/* End PBXBuildFile section */

/* Begin PBXContainerItemProxy section */
		3F8A68F92458B04C00119DBB /* PBXContainerItemProxy */ = {
			isa = PBXContainerItemProxy;
			containerPortal = 3F8A68DA2458B04C00119DBB /* Project object */;
			proxyType = 1;
			remoteGlobalIDString = 3F8A68E12458B04C00119DBB;
			remoteInfo = "Text Trader";
		};
		3F8A69042458B04C00119DBB /* PBXContainerItemProxy */ = {
			isa = PBXContainerItemProxy;
			containerPortal = 3F8A68DA2458B04C00119DBB /* Project object */;
			proxyType = 1;
			remoteGlobalIDString = 3F8A68E12458B04C00119DBB;
			remoteInfo = "Text Trader";
		};
/* End PBXContainerItemProxy section */

/* Begin PBXFileReference section */
		0068EBDE2EC383E51E50D6BA /* Pods-Text Trader.debug.xcconfig */ = {isa = PBXFileReference; includeInIndex = 1; lastKnownFileType = text.xcconfig; name = "Pods-Text Trader.debug.xcconfig"; path = "Target Support Files/Pods-Text Trader/Pods-Text Trader.debug.xcconfig"; sourceTree = "<group>"; };
		36585F3D95475EDD3DBAC53E /* Pods-Text Trader-Text TraderUITests.debug.xcconfig */ = {isa = PBXFileReference; includeInIndex = 1; lastKnownFileType = text.xcconfig; name = "Pods-Text Trader-Text TraderUITests.debug.xcconfig"; path = "Target Support Files/Pods-Text Trader-Text TraderUITests/Pods-Text Trader-Text TraderUITests.debug.xcconfig"; sourceTree = "<group>"; };
		3F8A68E22458B04C00119DBB /* Text Trader.app */ = {isa = PBXFileReference; explicitFileType = wrapper.application; includeInIndex = 0; path = "Text Trader.app"; sourceTree = BUILT_PRODUCTS_DIR; };
		3F8A68E52458B04C00119DBB /* AppDelegate.swift */ = {isa = PBXFileReference; lastKnownFileType = sourcecode.swift; path = AppDelegate.swift; sourceTree = "<group>"; };
		3F8A68E72458B04C00119DBB /* SceneDelegate.swift */ = {isa = PBXFileReference; lastKnownFileType = sourcecode.swift; path = SceneDelegate.swift; sourceTree = "<group>"; };
		3F8A68E92458B04C00119DBB /* ContentView.swift */ = {isa = PBXFileReference; lastKnownFileType = sourcecode.swift; path = ContentView.swift; sourceTree = "<group>"; };
		3F8A68EB2458B04C00119DBB /* Assets.xcassets */ = {isa = PBXFileReference; lastKnownFileType = folder.assetcatalog; path = Assets.xcassets; sourceTree = "<group>"; };
		3F8A68EE2458B04C00119DBB /* Preview Assets.xcassets */ = {isa = PBXFileReference; lastKnownFileType = folder.assetcatalog; path = "Preview Assets.xcassets"; sourceTree = "<group>"; };
		3F8A68F12458B04C00119DBB /* Base */ = {isa = PBXFileReference; lastKnownFileType = file.storyboard; name = Base; path = Base.lproj/LaunchScreen.storyboard; sourceTree = "<group>"; };
		3F8A68F32458B04C00119DBB /* Info.plist */ = {isa = PBXFileReference; lastKnownFileType = text.plist.xml; path = Info.plist; sourceTree = "<group>"; };
		3F8A68F82458B04C00119DBB /* Text TraderTests.xctest */ = {isa = PBXFileReference; explicitFileType = wrapper.cfbundle; includeInIndex = 0; path = "Text TraderTests.xctest"; sourceTree = BUILT_PRODUCTS_DIR; };
		3F8A68FC2458B04C00119DBB /* Text_TraderTests.swift */ = {isa = PBXFileReference; lastKnownFileType = sourcecode.swift; path = Text_TraderTests.swift; sourceTree = "<group>"; };
		3F8A68FE2458B04C00119DBB /* Info.plist */ = {isa = PBXFileReference; lastKnownFileType = text.plist.xml; path = Info.plist; sourceTree = "<group>"; };
		3F8A69032458B04C00119DBB /* Text TraderUITests.xctest */ = {isa = PBXFileReference; explicitFileType = wrapper.cfbundle; includeInIndex = 0; path = "Text TraderUITests.xctest"; sourceTree = BUILT_PRODUCTS_DIR; };
		3F8A69072458B04C00119DBB /* Text_TraderUITests.swift */ = {isa = PBXFileReference; lastKnownFileType = sourcecode.swift; path = Text_TraderUITests.swift; sourceTree = "<group>"; };
		3F8A69092458B04C00119DBB /* Info.plist */ = {isa = PBXFileReference; lastKnownFileType = text.plist.xml; path = Info.plist; sourceTree = "<group>"; };
		41C4A18FF594F9DD72B8B59A /* Pods-Text Trader-Text TraderUITests.release.xcconfig */ = {isa = PBXFileReference; includeInIndex = 1; lastKnownFileType = text.xcconfig; name = "Pods-Text Trader-Text TraderUITests.release.xcconfig"; path = "Target Support Files/Pods-Text Trader-Text TraderUITests/Pods-Text Trader-Text TraderUITests.release.xcconfig"; sourceTree = "<group>"; };
		7089BAE1F6761E22752F4C79 /* Pods_Text_TraderTests.framework */ = {isa = PBXFileReference; explicitFileType = wrapper.framework; includeInIndex = 0; path = Pods_Text_TraderTests.framework; sourceTree = BUILT_PRODUCTS_DIR; };
		708BFCC981C3E86ABD0F31B7 /* Pods_Text_Trader_Text_TraderUITests.framework */ = {isa = PBXFileReference; explicitFileType = wrapper.framework; includeInIndex = 0; path = Pods_Text_Trader_Text_TraderUITests.framework; sourceTree = BUILT_PRODUCTS_DIR; };
		74201A9A24D4C465002D2677 /* amplifyconfiguration.json */ = {isa = PBXFileReference; fileEncoding = 4; lastKnownFileType = text.json; path = amplifyconfiguration.json; sourceTree = SOURCE_ROOT; };
		74201A9C24D4C46C002D2677 /* awsconfiguration.json */ = {isa = PBXFileReference; fileEncoding = 4; lastKnownFileType = text.json; path = awsconfiguration.json; sourceTree = SOURCE_ROOT; };
		930E281CC8F3BB3D311C9DE5 /* Pods-Text Trader.release.xcconfig */ = {isa = PBXFileReference; includeInIndex = 1; lastKnownFileType = text.xcconfig; name = "Pods-Text Trader.release.xcconfig"; path = "Target Support Files/Pods-Text Trader/Pods-Text Trader.release.xcconfig"; sourceTree = "<group>"; };
		98C893BFBBD57B0976C9E39D /* Pods_Text_Trader.framework */ = {isa = PBXFileReference; explicitFileType = wrapper.framework; includeInIndex = 0; path = Pods_Text_Trader.framework; sourceTree = BUILT_PRODUCTS_DIR; };
		BB80FD18B5CD6129ED4AFFE6 /* Pods-Text TraderTests.debug.xcconfig */ = {isa = PBXFileReference; includeInIndex = 1; lastKnownFileType = text.xcconfig; name = "Pods-Text TraderTests.debug.xcconfig"; path = "Target Support Files/Pods-Text TraderTests/Pods-Text TraderTests.debug.xcconfig"; sourceTree = "<group>"; };
		C8E8740164DD12859E3021A8 /* Pods-Text TraderTests.release.xcconfig */ = {isa = PBXFileReference; includeInIndex = 1; lastKnownFileType = text.xcconfig; name = "Pods-Text TraderTests.release.xcconfig"; path = "Target Support Files/Pods-Text TraderTests/Pods-Text TraderTests.release.xcconfig"; sourceTree = "<group>"; };
/* End PBXFileReference section */

/* Begin PBXFrameworksBuildPhase section */
		3F8A68DF2458B04C00119DBB /* Frameworks */ = {
			isa = PBXFrameworksBuildPhase;
			buildActionMask = 2147483647;
			files = (
				FA97AF477C0346067B47F3CB /* Pods_Text_Trader.framework in Frameworks */,
			);
			runOnlyForDeploymentPostprocessing = 0;
		};
		3F8A68F52458B04C00119DBB /* Frameworks */ = {
			isa = PBXFrameworksBuildPhase;
			buildActionMask = 2147483647;
			files = (
				2C32106D042899F25A03EC2E /* Pods_Text_TraderTests.framework in Frameworks */,
			);
			runOnlyForDeploymentPostprocessing = 0;
		};
		3F8A69002458B04C00119DBB /* Frameworks */ = {
			isa = PBXFrameworksBuildPhase;
			buildActionMask = 2147483647;
			files = (
				640C3E0C36F9700DD3C634C4 /* Pods_Text_Trader_Text_TraderUITests.framework in Frameworks */,
			);
			runOnlyForDeploymentPostprocessing = 0;
		};
/* End PBXFrameworksBuildPhase section */

/* Begin PBXGroup section */
		1AA54A1C2CC9CC8854535767 /* Frameworks */ = {
			isa = PBXGroup;
			children = (
				98C893BFBBD57B0976C9E39D /* Pods_Text_Trader.framework */,
				708BFCC981C3E86ABD0F31B7 /* Pods_Text_Trader_Text_TraderUITests.framework */,
				7089BAE1F6761E22752F4C79 /* Pods_Text_TraderTests.framework */,
			);
			name = Frameworks;
			sourceTree = "<group>";
		};
		3F8A68D92458B04C00119DBB = {
			isa = PBXGroup;
			children = (
				3F8A68E42458B04C00119DBB /* Text Trader */,
				3F8A68FB2458B04C00119DBB /* Text TraderTests */,
				3F8A69062458B04C00119DBB /* Text TraderUITests */,
				3F8A68E32458B04C00119DBB /* Products */,
				7CC35D434B02F584E14DE820 /* Pods */,
				1AA54A1C2CC9CC8854535767 /* Frameworks */,
			);
			sourceTree = "<group>";
		};
		3F8A68E32458B04C00119DBB /* Products */ = {
			isa = PBXGroup;
			children = (
				3F8A68E22458B04C00119DBB /* Text Trader.app */,
				3F8A68F82458B04C00119DBB /* Text TraderTests.xctest */,
				3F8A69032458B04C00119DBB /* Text TraderUITests.xctest */,
			);
			name = Products;
			sourceTree = "<group>";
		};
		3F8A68E42458B04C00119DBB /* Text Trader */ = {
			isa = PBXGroup;
			children = (
				74201A9C24D4C46C002D2677 /* awsconfiguration.json */,
				74201A9A24D4C465002D2677 /* amplifyconfiguration.json */,
				3F8A68E52458B04C00119DBB /* AppDelegate.swift */,
				3F8A68E72458B04C00119DBB /* SceneDelegate.swift */,
				3F8A68E92458B04C00119DBB /* ContentView.swift */,
				3F8A68EB2458B04C00119DBB /* Assets.xcassets */,
				3F8A68F02458B04C00119DBB /* LaunchScreen.storyboard */,
				3F8A68F32458B04C00119DBB /* Info.plist */,
				3F8A68ED2458B04C00119DBB /* Preview Content */,
			);
			path = "Text Trader";
			sourceTree = "<group>";
		};
		3F8A68ED2458B04C00119DBB /* Preview Content */ = {
			isa = PBXGroup;
			children = (
				3F8A68EE2458B04C00119DBB /* Preview Assets.xcassets */,
			);
			path = "Preview Content";
			sourceTree = "<group>";
		};
		3F8A68FB2458B04C00119DBB /* Text TraderTests */ = {
			isa = PBXGroup;
			children = (
				3F8A68FC2458B04C00119DBB /* Text_TraderTests.swift */,
				3F8A68FE2458B04C00119DBB /* Info.plist */,
			);
			path = "Text TraderTests";
			sourceTree = "<group>";
		};
		3F8A69062458B04C00119DBB /* Text TraderUITests */ = {
			isa = PBXGroup;
			children = (
				3F8A69072458B04C00119DBB /* Text_TraderUITests.swift */,
				3F8A69092458B04C00119DBB /* Info.plist */,
			);
			path = "Text TraderUITests";
			sourceTree = "<group>";
		};
		7CC35D434B02F584E14DE820 /* Pods */ = {
			isa = PBXGroup;
			children = (
				0068EBDE2EC383E51E50D6BA /* Pods-Text Trader.debug.xcconfig */,
				930E281CC8F3BB3D311C9DE5 /* Pods-Text Trader.release.xcconfig */,
				36585F3D95475EDD3DBAC53E /* Pods-Text Trader-Text TraderUITests.debug.xcconfig */,
				41C4A18FF594F9DD72B8B59A /* Pods-Text Trader-Text TraderUITests.release.xcconfig */,
				BB80FD18B5CD6129ED4AFFE6 /* Pods-Text TraderTests.debug.xcconfig */,
				C8E8740164DD12859E3021A8 /* Pods-Text TraderTests.release.xcconfig */,
			);
			path = Pods;
			sourceTree = "<group>";
		};
/* End PBXGroup section */

/* Begin PBXNativeTarget section */
		3F8A68E12458B04C00119DBB /* Text Trader */ = {
			isa = PBXNativeTarget;
			buildConfigurationList = 3F8A690C2458B04C00119DBB /* Build configuration list for PBXNativeTarget "Text Trader" */;
			buildPhases = (
				B2F74CF797069D173BE8229C /* [CP] Check Pods Manifest.lock */,
				3F8A68DE2458B04C00119DBB /* Sources */,
				3F8A68DF2458B04C00119DBB /* Frameworks */,
				3F8A68E02458B04C00119DBB /* Resources */,
				D3FE76E7A2CC4D0915740074 /* [CP] Embed Pods Frameworks */,
			);
			buildRules = (
			);
			dependencies = (
			);
			name = "Text Trader";
			productName = "Text Trader";
			productReference = 3F8A68E22458B04C00119DBB /* Text Trader.app */;
			productType = "com.apple.product-type.application";
		};
		3F8A68F72458B04C00119DBB /* Text TraderTests */ = {
			isa = PBXNativeTarget;
			buildConfigurationList = 3F8A690F2458B04C00119DBB /* Build configuration list for PBXNativeTarget "Text TraderTests" */;
			buildPhases = (
				901528B6443355896F797DAC /* [CP] Check Pods Manifest.lock */,
				3F8A68F42458B04C00119DBB /* Sources */,
				3F8A68F52458B04C00119DBB /* Frameworks */,
				3F8A68F62458B04C00119DBB /* Resources */,
			);
			buildRules = (
			);
			dependencies = (
				3F8A68FA2458B04C00119DBB /* PBXTargetDependency */,
			);
			name = "Text TraderTests";
			productName = "Text TraderTests";
			productReference = 3F8A68F82458B04C00119DBB /* Text TraderTests.xctest */;
			productType = "com.apple.product-type.bundle.unit-test";
		};
		3F8A69022458B04C00119DBB /* Text TraderUITests */ = {
			isa = PBXNativeTarget;
			buildConfigurationList = 3F8A69122458B04C00119DBB /* Build configuration list for PBXNativeTarget "Text TraderUITests" */;
			buildPhases = (
				3B1CB26EB601B4F4C1FA0C79 /* [CP] Check Pods Manifest.lock */,
				3F8A68FF2458B04C00119DBB /* Sources */,
				3F8A69002458B04C00119DBB /* Frameworks */,
				3F8A69012458B04C00119DBB /* Resources */,
				1A1FB1823DFD5ABA4633E415 /* [CP] Embed Pods Frameworks */,
			);
			buildRules = (
			);
			dependencies = (
				3F8A69052458B04C00119DBB /* PBXTargetDependency */,
			);
			name = "Text TraderUITests";
			productName = "Text TraderUITests";
			productReference = 3F8A69032458B04C00119DBB /* Text TraderUITests.xctest */;
			productType = "com.apple.product-type.bundle.ui-testing";
		};
/* End PBXNativeTarget section */

/* Begin PBXProject section */
		3F8A68DA2458B04C00119DBB /* Project object */ = {
			isa = PBXProject;
			attributes = {
				LastSwiftUpdateCheck = 1130;
				LastUpgradeCheck = 1130;
				ORGANIZATIONNAME = Cascadia;
				TargetAttributes = {
					3F8A68E12458B04C00119DBB = {
						CreatedOnToolsVersion = 11.3;
					};
					3F8A68F72458B04C00119DBB = {
						CreatedOnToolsVersion = 11.3;
						TestTargetID = 3F8A68E12458B04C00119DBB;
					};
					3F8A69022458B04C00119DBB = {
						CreatedOnToolsVersion = 11.3;
						TestTargetID = 3F8A68E12458B04C00119DBB;
					};
				};
			};
			buildConfigurationList = 3F8A68DD2458B04C00119DBB /* Build configuration list for PBXProject "Text Trader" */;
			compatibilityVersion = "Xcode 9.3";
			developmentRegion = en;
			hasScannedForEncodings = 0;
			knownRegions = (
				en,
				Base,
			);
			mainGroup = 3F8A68D92458B04C00119DBB;
			productRefGroup = 3F8A68E32458B04C00119DBB /* Products */;
			projectDirPath = "";
			projectRoot = "";
			targets = (
				3F8A68E12458B04C00119DBB /* Text Trader */,
				3F8A68F72458B04C00119DBB /* Text TraderTests */,
				3F8A69022458B04C00119DBB /* Text TraderUITests */,
			);
		};
/* End PBXProject section */

/* Begin PBXResourcesBuildPhase section */
		3F8A68E02458B04C00119DBB /* Resources */ = {
			isa = PBXResourcesBuildPhase;
			buildActionMask = 2147483647;
			files = (
				74201A9D24D4C46C002D2677 /* awsconfiguration.json in Resources */,
				3F8A68F22458B04C00119DBB /* LaunchScreen.storyboard in Resources */,
				3F8A68EF2458B04C00119DBB /* Preview Assets.xcassets in Resources */,
				3F8A68EC2458B04C00119DBB /* Assets.xcassets in Resources */,
				74201A9B24D4C465002D2677 /* amplifyconfiguration.json in Resources */,
			);
			runOnlyForDeploymentPostprocessing = 0;
		};
		3F8A68F62458B04C00119DBB /* Resources */ = {
			isa = PBXResourcesBuildPhase;
			buildActionMask = 2147483647;
			files = (
			);
			runOnlyForDeploymentPostprocessing = 0;
		};
		3F8A69012458B04C00119DBB /* Resources */ = {
			isa = PBXResourcesBuildPhase;
			buildActionMask = 2147483647;
			files = (
			);
			runOnlyForDeploymentPostprocessing = 0;
		};
/* End PBXResourcesBuildPhase section */

/* Begin PBXShellScriptBuildPhase section */
		1A1FB1823DFD5ABA4633E415 /* [CP] Embed Pods Frameworks */ = {
			isa = PBXShellScriptBuildPhase;
			buildActionMask = 2147483647;
			files = (
			);
			inputFileListPaths = (
				"${PODS_ROOT}/Target Support Files/Pods-Text Trader-Text TraderUITests/Pods-Text Trader-Text TraderUITests-frameworks-${CONFIGURATION}-input-files.xcfilelist",
			);
			name = "[CP] Embed Pods Frameworks";
			outputFileListPaths = (
				"${PODS_ROOT}/Target Support Files/Pods-Text Trader-Text TraderUITests/Pods-Text Trader-Text TraderUITests-frameworks-${CONFIGURATION}-output-files.xcfilelist",
			);
			runOnlyForDeploymentPostprocessing = 0;
			shellPath = /bin/sh;
			shellScript = "\"${PODS_ROOT}/Target Support Files/Pods-Text Trader-Text TraderUITests/Pods-Text Trader-Text TraderUITests-frameworks.sh\"\n";
			showEnvVarsInLog = 0;
		};
		3B1CB26EB601B4F4C1FA0C79 /* [CP] Check Pods Manifest.lock */ = {
			isa = PBXShellScriptBuildPhase;
			buildActionMask = 2147483647;
			files = (
			);
			inputFileListPaths = (
			);
			inputPaths = (
				"${PODS_PODFILE_DIR_PATH}/Podfile.lock",
				"${PODS_ROOT}/Manifest.lock",
			);
			name = "[CP] Check Pods Manifest.lock";
			outputFileListPaths = (
			);
			outputPaths = (
				"$(DERIVED_FILE_DIR)/Pods-Text Trader-Text TraderUITests-checkManifestLockResult.txt",
			);
			runOnlyForDeploymentPostprocessing = 0;
			shellPath = /bin/sh;
			shellScript = "diff \"${PODS_PODFILE_DIR_PATH}/Podfile.lock\" \"${PODS_ROOT}/Manifest.lock\" > /dev/null\nif [ $? != 0 ] ; then\n    # print error to STDERR\n    echo \"error: The sandbox is not in sync with the Podfile.lock. Run 'pod install' or update your CocoaPods installation.\" >&2\n    exit 1\nfi\n# This output is used by Xcode 'outputs' to avoid re-running this script phase.\necho \"SUCCESS\" > \"${SCRIPT_OUTPUT_FILE_0}\"\n";
			showEnvVarsInLog = 0;
		};
		901528B6443355896F797DAC /* [CP] Check Pods Manifest.lock */ = {
			isa = PBXShellScriptBuildPhase;
			buildActionMask = 2147483647;
			files = (
			);
			inputFileListPaths = (
			);
			inputPaths = (
				"${PODS_PODFILE_DIR_PATH}/Podfile.lock",
				"${PODS_ROOT}/Manifest.lock",
			);
			name = "[CP] Check Pods Manifest.lock";
			outputFileListPaths = (
			);
			outputPaths = (
				"$(DERIVED_FILE_DIR)/Pods-Text TraderTests-checkManifestLockResult.txt",
			);
			runOnlyForDeploymentPostprocessing = 0;
			shellPath = /bin/sh;
			shellScript = "diff \"${PODS_PODFILE_DIR_PATH}/Podfile.lock\" \"${PODS_ROOT}/Manifest.lock\" > /dev/null\nif [ $? != 0 ] ; then\n    # print error to STDERR\n    echo \"error: The sandbox is not in sync with the Podfile.lock. Run 'pod install' or update your CocoaPods installation.\" >&2\n    exit 1\nfi\n# This output is used by Xcode 'outputs' to avoid re-running this script phase.\necho \"SUCCESS\" > \"${SCRIPT_OUTPUT_FILE_0}\"\n";
			showEnvVarsInLog = 0;
		};
		B2F74CF797069D173BE8229C /* [CP] Check Pods Manifest.lock */ = {
			isa = PBXShellScriptBuildPhase;
			buildActionMask = 2147483647;
			files = (
			);
			inputFileListPaths = (
			);
			inputPaths = (
				"${PODS_PODFILE_DIR_PATH}/Podfile.lock",
				"${PODS_ROOT}/Manifest.lock",
			);
			name = "[CP] Check Pods Manifest.lock";
			outputFileListPaths = (
			);
			outputPaths = (
				"$(DERIVED_FILE_DIR)/Pods-Text Trader-checkManifestLockResult.txt",
			);
			runOnlyForDeploymentPostprocessing = 0;
			shellPath = /bin/sh;
			shellScript = "diff \"${PODS_PODFILE_DIR_PATH}/Podfile.lock\" \"${PODS_ROOT}/Manifest.lock\" > /dev/null\nif [ $? != 0 ] ; then\n    # print error to STDERR\n    echo \"error: The sandbox is not in sync with the Podfile.lock. Run 'pod install' or update your CocoaPods installation.\" >&2\n    exit 1\nfi\n# This output is used by Xcode 'outputs' to avoid re-running this script phase.\necho \"SUCCESS\" > \"${SCRIPT_OUTPUT_FILE_0}\"\n";
			showEnvVarsInLog = 0;
		};
		D3FE76E7A2CC4D0915740074 /* [CP] Embed Pods Frameworks */ = {
			isa = PBXShellScriptBuildPhase;
			buildActionMask = 2147483647;
			files = (
			);
			inputFileListPaths = (
				"${PODS_ROOT}/Target Support Files/Pods-Text Trader/Pods-Text Trader-frameworks-${CONFIGURATION}-input-files.xcfilelist",
			);
			name = "[CP] Embed Pods Frameworks";
			outputFileListPaths = (
				"${PODS_ROOT}/Target Support Files/Pods-Text Trader/Pods-Text Trader-frameworks-${CONFIGURATION}-output-files.xcfilelist",
			);
			runOnlyForDeploymentPostprocessing = 0;
			shellPath = /bin/sh;
			shellScript = "\"${PODS_ROOT}/Target Support Files/Pods-Text Trader/Pods-Text Trader-frameworks.sh\"\n";
			showEnvVarsInLog = 0;
		};
/* End PBXShellScriptBuildPhase section */

/* Begin PBXSourcesBuildPhase section */
		3F8A68DE2458B04C00119DBB /* Sources */ = {
			isa = PBXSourcesBuildPhase;
			buildActionMask = 2147483647;
			files = (
				3F8A68E62458B04C00119DBB /* AppDelegate.swift in Sources */,
				3F8A68E82458B04C00119DBB /* SceneDelegate.swift in Sources */,
				3F8A68EA2458B04C00119DBB /* ContentView.swift in Sources */,
			);
			runOnlyForDeploymentPostprocessing = 0;
		};
		3F8A68F42458B04C00119DBB /* Sources */ = {
			isa = PBXSourcesBuildPhase;
			buildActionMask = 2147483647;
			files = (
				3F8A68FD2458B04C00119DBB /* Text_TraderTests.swift in Sources */,
			);
			runOnlyForDeploymentPostprocessing = 0;
		};
		3F8A68FF2458B04C00119DBB /* Sources */ = {
			isa = PBXSourcesBuildPhase;
			buildActionMask = 2147483647;
			files = (
				3F8A69082458B04C00119DBB /* Text_TraderUITests.swift in Sources */,
			);
			runOnlyForDeploymentPostprocessing = 0;
		};
/* End PBXSourcesBuildPhase section */

/* Begin PBXTargetDependency section */
		3F8A68FA2458B04C00119DBB /* PBXTargetDependency */ = {
			isa = PBXTargetDependency;
			target = 3F8A68E12458B04C00119DBB /* Text Trader */;
			targetProxy = 3F8A68F92458B04C00119DBB /* PBXContainerItemProxy */;
		};
		3F8A69052458B04C00119DBB /* PBXTargetDependency */ = {
			isa = PBXTargetDependency;
			target = 3F8A68E12458B04C00119DBB /* Text Trader */;
			targetProxy = 3F8A69042458B04C00119DBB /* PBXContainerItemProxy */;
		};
/* End PBXTargetDependency section */

/* Begin PBXVariantGroup section */
		3F8A68F02458B04C00119DBB /* LaunchScreen.storyboard */ = {
			isa = PBXVariantGroup;
			children = (
				3F8A68F12458B04C00119DBB /* Base */,
			);
			name = LaunchScreen.storyboard;
			sourceTree = "<group>";
		};
/* End PBXVariantGroup section */

/* Begin XCBuildConfiguration section */
		3F8A690A2458B04C00119DBB /* Debug */ = {
			isa = XCBuildConfiguration;
			buildSettings = {
				ALWAYS_SEARCH_USER_PATHS = NO;
				CLANG_ANALYZER_NONNULL = YES;
				CLANG_ANALYZER_NUMBER_OBJECT_CONVERSION = YES_AGGRESSIVE;
				CLANG_CXX_LANGUAGE_STANDARD = "gnu++14";
				CLANG_CXX_LIBRARY = "libc++";
				CLANG_ENABLE_MODULES = YES;
				CLANG_ENABLE_OBJC_ARC = YES;
				CLANG_ENABLE_OBJC_WEAK = YES;
				CLANG_WARN_BLOCK_CAPTURE_AUTORELEASING = YES;
				CLANG_WARN_BOOL_CONVERSION = YES;
				CLANG_WARN_COMMA = YES;
				CLANG_WARN_CONSTANT_CONVERSION = YES;
				CLANG_WARN_DEPRECATED_OBJC_IMPLEMENTATIONS = YES;
				CLANG_WARN_DIRECT_OBJC_ISA_USAGE = YES_ERROR;
				CLANG_WARN_DOCUMENTATION_COMMENTS = YES;
				CLANG_WARN_EMPTY_BODY = YES;
				CLANG_WARN_ENUM_CONVERSION = YES;
				CLANG_WARN_INFINITE_RECURSION = YES;
				CLANG_WARN_INT_CONVERSION = YES;
				CLANG_WARN_NON_LITERAL_NULL_CONVERSION = YES;
				CLANG_WARN_OBJC_IMPLICIT_RETAIN_SELF = YES;
				CLANG_WARN_OBJC_LITERAL_CONVERSION = YES;
				CLANG_WARN_OBJC_ROOT_CLASS = YES_ERROR;
				CLANG_WARN_RANGE_LOOP_ANALYSIS = YES;
				CLANG_WARN_STRICT_PROTOTYPES = YES;
				CLANG_WARN_SUSPICIOUS_MOVE = YES;
				CLANG_WARN_UNGUARDED_AVAILABILITY = YES_AGGRESSIVE;
				CLANG_WARN_UNREACHABLE_CODE = YES;
				CLANG_WARN__DUPLICATE_METHOD_MATCH = YES;
				COPY_PHASE_STRIP = NO;
				DEBUG_INFORMATION_FORMAT = dwarf;
				ENABLE_STRICT_OBJC_MSGSEND = YES;
				ENABLE_TESTABILITY = YES;
				GCC_C_LANGUAGE_STANDARD = gnu11;
				GCC_DYNAMIC_NO_PIC = NO;
				GCC_NO_COMMON_BLOCKS = YES;
				GCC_OPTIMIZATION_LEVEL = 0;
				GCC_PREPROCESSOR_DEFINITIONS = (
					"DEBUG=1",
					"$(inherited)",
				);
				GCC_WARN_64_TO_32_BIT_CONVERSION = YES;
				GCC_WARN_ABOUT_RETURN_TYPE = YES_ERROR;
				GCC_WARN_UNDECLARED_SELECTOR = YES;
				GCC_WARN_UNINITIALIZED_AUTOS = YES_AGGRESSIVE;
				GCC_WARN_UNUSED_FUNCTION = YES;
				GCC_WARN_UNUSED_VARIABLE = YES;
				IPHONEOS_DEPLOYMENT_TARGET = 13.2;
				MTL_ENABLE_DEBUG_INFO = INCLUDE_SOURCE;
				MTL_FAST_MATH = YES;
				ONLY_ACTIVE_ARCH = YES;
				SDKROOT = iphoneos;
				SWIFT_ACTIVE_COMPILATION_CONDITIONS = DEBUG;
				SWIFT_OPTIMIZATION_LEVEL = "-Onone";
			};
			name = Debug;
		};
		3F8A690B2458B04C00119DBB /* Release */ = {
			isa = XCBuildConfiguration;
			buildSettings = {
				ALWAYS_SEARCH_USER_PATHS = NO;
				CLANG_ANALYZER_NONNULL = YES;
				CLANG_ANALYZER_NUMBER_OBJECT_CONVERSION = YES_AGGRESSIVE;
				CLANG_CXX_LANGUAGE_STANDARD = "gnu++14";
				CLANG_CXX_LIBRARY = "libc++";
				CLANG_ENABLE_MODULES = YES;
				CLANG_ENABLE_OBJC_ARC = YES;
				CLANG_ENABLE_OBJC_WEAK = YES;
				CLANG_WARN_BLOCK_CAPTURE_AUTORELEASING = YES;
				CLANG_WARN_BOOL_CONVERSION = YES;
				CLANG_WARN_COMMA = YES;
				CLANG_WARN_CONSTANT_CONVERSION = YES;
				CLANG_WARN_DEPRECATED_OBJC_IMPLEMENTATIONS = YES;
				CLANG_WARN_DIRECT_OBJC_ISA_USAGE = YES_ERROR;
				CLANG_WARN_DOCUMENTATION_COMMENTS = YES;
				CLANG_WARN_EMPTY_BODY = YES;
				CLANG_WARN_ENUM_CONVERSION = YES;
				CLANG_WARN_INFINITE_RECURSION = YES;
				CLANG_WARN_INT_CONVERSION = YES;
				CLANG_WARN_NON_LITERAL_NULL_CONVERSION = YES;
				CLANG_WARN_OBJC_IMPLICIT_RETAIN_SELF = YES;
				CLANG_WARN_OBJC_LITERAL_CONVERSION = YES;
				CLANG_WARN_OBJC_ROOT_CLASS = YES_ERROR;
				CLANG_WARN_RANGE_LOOP_ANALYSIS = YES;
				CLANG_WARN_STRICT_PROTOTYPES = YES;
				CLANG_WARN_SUSPICIOUS_MOVE = YES;
				CLANG_WARN_UNGUARDED_AVAILABILITY = YES_AGGRESSIVE;
				CLANG_WARN_UNREACHABLE_CODE = YES;
				CLANG_WARN__DUPLICATE_METHOD_MATCH = YES;
				COPY_PHASE_STRIP = NO;
				DEBUG_INFORMATION_FORMAT = "dwarf-with-dsym";
				ENABLE_NS_ASSERTIONS = NO;
				ENABLE_STRICT_OBJC_MSGSEND = YES;
				GCC_C_LANGUAGE_STANDARD = gnu11;
				GCC_NO_COMMON_BLOCKS = YES;
				GCC_WARN_64_TO_32_BIT_CONVERSION = YES;
				GCC_WARN_ABOUT_RETURN_TYPE = YES_ERROR;
				GCC_WARN_UNDECLARED_SELECTOR = YES;
				GCC_WARN_UNINITIALIZED_AUTOS = YES_AGGRESSIVE;
				GCC_WARN_UNUSED_FUNCTION = YES;
				GCC_WARN_UNUSED_VARIABLE = YES;
				IPHONEOS_DEPLOYMENT_TARGET = 13.2;
				MTL_ENABLE_DEBUG_INFO = NO;
				MTL_FAST_MATH = YES;
				SDKROOT = iphoneos;
				SWIFT_COMPILATION_MODE = wholemodule;
				SWIFT_OPTIMIZATION_LEVEL = "-O";
				VALIDATE_PRODUCT = YES;
			};
			name = Release;
		};
		3F8A690D2458B04C00119DBB /* Debug */ = {
			isa = XCBuildConfiguration;
			baseConfigurationReference = 0068EBDE2EC383E51E50D6BA /* Pods-Text Trader.debug.xcconfig */;
			buildSettings = {
				ASSETCATALOG_COMPILER_APPICON_NAME = AppIcon;
				CODE_SIGN_STYLE = Automatic;
				DEVELOPMENT_ASSET_PATHS = "\"Text Trader/Preview Content\"";
				ENABLE_PREVIEWS = YES;
				INFOPLIST_FILE = "Text Trader/Info.plist";
				LD_RUNPATH_SEARCH_PATHS = (
					"$(inherited)",
					"@executable_path/Frameworks",
				);
				PRODUCT_BUNDLE_IDENTIFIER = "com.Cascadia.MOBAS.Text-Trader";
				PRODUCT_NAME = "$(TARGET_NAME)";
				SWIFT_VERSION = 5.0;
				TARGETED_DEVICE_FAMILY = "1,2";
			};
			name = Debug;
		};
		3F8A690E2458B04C00119DBB /* Release */ = {
			isa = XCBuildConfiguration;
			baseConfigurationReference = 930E281CC8F3BB3D311C9DE5 /* Pods-Text Trader.release.xcconfig */;
			buildSettings = {
				ASSETCATALOG_COMPILER_APPICON_NAME = AppIcon;
				CODE_SIGN_STYLE = Automatic;
				DEVELOPMENT_ASSET_PATHS = "\"Text Trader/Preview Content\"";
				ENABLE_PREVIEWS = YES;
				INFOPLIST_FILE = "Text Trader/Info.plist";
				LD_RUNPATH_SEARCH_PATHS = (
					"$(inherited)",
					"@executable_path/Frameworks",
				);
				PRODUCT_BUNDLE_IDENTIFIER = "com.Cascadia.MOBAS.Text-Trader";
				PRODUCT_NAME = "$(TARGET_NAME)";
				SWIFT_VERSION = 5.0;
				TARGETED_DEVICE_FAMILY = "1,2";
			};
			name = Release;
		};
		3F8A69102458B04C00119DBB /* Debug */ = {
			isa = XCBuildConfiguration;
			baseConfigurationReference = BB80FD18B5CD6129ED4AFFE6 /* Pods-Text TraderTests.debug.xcconfig */;
			buildSettings = {
				ALWAYS_EMBED_SWIFT_STANDARD_LIBRARIES = YES;
				BUNDLE_LOADER = "$(TEST_HOST)";
				CODE_SIGN_STYLE = Automatic;
				INFOPLIST_FILE = "Text TraderTests/Info.plist";
				IPHONEOS_DEPLOYMENT_TARGET = 13.2;
				LD_RUNPATH_SEARCH_PATHS = (
					"$(inherited)",
					"@executable_path/Frameworks",
					"@loader_path/Frameworks",
				);
				PRODUCT_BUNDLE_IDENTIFIER = "com.Cascadia.MOBAS.Text-TraderTests";
				PRODUCT_NAME = "$(TARGET_NAME)";
				SWIFT_VERSION = 5.0;
				TARGETED_DEVICE_FAMILY = "1,2";
				TEST_HOST = "$(BUILT_PRODUCTS_DIR)/Text Trader.app/Text Trader";
			};
			name = Debug;
		};
		3F8A69112458B04C00119DBB /* Release */ = {
			isa = XCBuildConfiguration;
			baseConfigurationReference = C8E8740164DD12859E3021A8 /* Pods-Text TraderTests.release.xcconfig */;
			buildSettings = {
				ALWAYS_EMBED_SWIFT_STANDARD_LIBRARIES = YES;
				BUNDLE_LOADER = "$(TEST_HOST)";
				CODE_SIGN_STYLE = Automatic;
				INFOPLIST_FILE = "Text TraderTests/Info.plist";
				IPHONEOS_DEPLOYMENT_TARGET = 13.2;
				LD_RUNPATH_SEARCH_PATHS = (
					"$(inherited)",
					"@executable_path/Frameworks",
					"@loader_path/Frameworks",
				);
				PRODUCT_BUNDLE_IDENTIFIER = "com.Cascadia.MOBAS.Text-TraderTests";
				PRODUCT_NAME = "$(TARGET_NAME)";
				SWIFT_VERSION = 5.0;
				TARGETED_DEVICE_FAMILY = "1,2";
				TEST_HOST = "$(BUILT_PRODUCTS_DIR)/Text Trader.app/Text Trader";
			};
			name = Release;
		};
		3F8A69132458B04C00119DBB /* Debug */ = {
			isa = XCBuildConfiguration;
			baseConfigurationReference = 36585F3D95475EDD3DBAC53E /* Pods-Text Trader-Text TraderUITests.debug.xcconfig */;
			buildSettings = {
				ALWAYS_EMBED_SWIFT_STANDARD_LIBRARIES = YES;
				CODE_SIGN_STYLE = Automatic;
				INFOPLIST_FILE = "Text TraderUITests/Info.plist";
				LD_RUNPATH_SEARCH_PATHS = (
					"$(inherited)",
					"@executable_path/Frameworks",
					"@loader_path/Frameworks",
				);
				PRODUCT_BUNDLE_IDENTIFIER = "com.Cascadia.MOBAS.Text-TraderUITests";
				PRODUCT_NAME = "$(TARGET_NAME)";
				SWIFT_VERSION = 5.0;
				TARGETED_DEVICE_FAMILY = "1,2";
				TEST_TARGET_NAME = "Text Trader";
			};
			name = Debug;
		};
		3F8A69142458B04C00119DBB /* Release */ = {
			isa = XCBuildConfiguration;
			baseConfigurationReference = 41C4A18FF594F9DD72B8B59A /* Pods-Text Trader-Text TraderUITests.release.xcconfig */;
			buildSettings = {
				ALWAYS_EMBED_SWIFT_STANDARD_LIBRARIES = YES;
				CODE_SIGN_STYLE = Automatic;
				INFOPLIST_FILE = "Text TraderUITests/Info.plist";
				LD_RUNPATH_SEARCH_PATHS = (
					"$(inherited)",
					"@executable_path/Frameworks",
					"@loader_path/Frameworks",
				);
				PRODUCT_BUNDLE_IDENTIFIER = "com.Cascadia.MOBAS.Text-TraderUITests";
				PRODUCT_NAME = "$(TARGET_NAME)";
				SWIFT_VERSION = 5.0;
				TARGETED_DEVICE_FAMILY = "1,2";
				TEST_TARGET_NAME = "Text Trader";
			};
			name = Release;
		};
/* End XCBuildConfiguration section */

/* Begin XCConfigurationList section */
		3F8A68DD2458B04C00119DBB /* Build configuration list for PBXProject "Text Trader" */ = {
			isa = XCConfigurationList;
			buildConfigurations = (
				3F8A690A2458B04C00119DBB /* Debug */,
				3F8A690B2458B04C00119DBB /* Release */,
			);
			defaultConfigurationIsVisible = 0;
			defaultConfigurationName = Release;
		};
		3F8A690C2458B04C00119DBB /* Build configuration list for PBXNativeTarget "Text Trader" */ = {
			isa = XCConfigurationList;
			buildConfigurations = (
				3F8A690D2458B04C00119DBB /* Debug */,
				3F8A690E2458B04C00119DBB /* Release */,
			);
			defaultConfigurationIsVisible = 0;
			defaultConfigurationName = Release;
		};
		3F8A690F2458B04C00119DBB /* Build configuration list for PBXNativeTarget "Text TraderTests" */ = {
			isa = XCConfigurationList;
			buildConfigurations = (
				3F8A69102458B04C00119DBB /* Debug */,
				3F8A69112458B04C00119DBB /* Release */,
			);
			defaultConfigurationIsVisible = 0;
			defaultConfigurationName = Release;
		};
		3F8A69122458B04C00119DBB /* Build configuration list for PBXNativeTarget "Text TraderUITests" */ = {
			isa = XCConfigurationList;
			buildConfigurations = (
				3F8A69132458B04C00119DBB /* Debug */,
				3F8A69142458B04C00119DBB /* Release */,
			);
			defaultConfigurationIsVisible = 0;
			defaultConfigurationName = Release;
		};
/* End XCConfigurationList section */
	};
	rootObject = 3F8A68DA2458B04C00119DBB /* Project object */;
}
